// !$*UTF8*$!
{
	archiveVersion = 1;
	classes = {
	};
	objectVersion = 46;
	objects = {

/* Begin PBXBuildFile section */
		5B4535B31EA521B20092F609 /* AppDelegate.swift in Sources */ = {isa = PBXBuildFile; fileRef = 5B4535B21EA521B20092F609 /* AppDelegate.swift */; };
		5B4535B51EA521B20092F609 /* ViewController.swift in Sources */ = {isa = PBXBuildFile; fileRef = 5B4535B41EA521B20092F609 /* ViewController.swift */; };
		5B4535B81EA521B20092F609 /* Main.storyboard in Resources */ = {isa = PBXBuildFile; fileRef = 5B4535B61EA521B20092F609 /* Main.storyboard */; };
		5B4535BA1EA521B20092F609 /* Assets.xcassets in Resources */ = {isa = PBXBuildFile; fileRef = 5B4535B91EA521B20092F609 /* Assets.xcassets */; };
		5B4535BD1EA521B20092F609 /* LaunchScreen.storyboard in Resources */ = {isa = PBXBuildFile; fileRef = 5B4535BB1EA521B20092F609 /* LaunchScreen.storyboard */; };
		5B4535C81EA521B20092F609 /* TipCalculatorTests.swift in Sources */ = {isa = PBXBuildFile; fileRef = 5B4535C71EA521B20092F609 /* TipCalculatorTests.swift */; };
		5B4535D31EA521B20092F609 /* TipCalculatorUITests.swift in Sources */ = {isa = PBXBuildFile; fileRef = 5B4535D21EA521B20092F609 /* TipCalculatorUITests.swift */; };
/* End PBXBuildFile section */

/* Begin PBXContainerItemProxy section */
		5B4535C41EA521B20092F609 /* PBXContainerItemProxy */ = {
			isa = PBXContainerItemProxy;
			containerPortal = 5B4535A71EA521B10092F609 /* Project object */;
			proxyType = 1;
			remoteGlobalIDString = 5B4535AE1EA521B20092F609;
			remoteInfo = TipCalculator;
		};
		5B4535CF1EA521B20092F609 /* PBXContainerItemProxy */ = {
			isa = PBXContainerItemProxy;
			containerPortal = 5B4535A71EA521B10092F609 /* Project object */;
			proxyType = 1;
			remoteGlobalIDString = 5B4535AE1EA521B20092F609;
			remoteInfo = TipCalculator;
		};
/* End PBXContainerItemProxy section */

/* Begin PBXFileReference section */
		5B4535AF1EA521B20092F609 /* TipCalculator.app */ = {isa = PBXFileReference; explicitFileType = wrapper.application; includeInIndex = 0; path = TipCalculator.app; sourceTree = BUILT_PRODUCTS_DIR; };
		5B4535B21EA521B20092F609 /* AppDelegate.swift */ = {isa = PBXFileReference; lastKnownFileType = sourcecode.swift; path = AppDelegate.swift; sourceTree = "<group>"; };
		5B4535B41EA521B20092F609 /* ViewController.swift */ = {isa = PBXFileReference; lastKnownFileType = sourcecode.swift; path = ViewController.swift; sourceTree = "<group>"; };
		5B4535B71EA521B20092F609 /* Base */ = {isa = PBXFileReference; lastKnownFileType = file.storyboard; name = Base; path = Base.lproj/Main.storyboard; sourceTree = "<group>"; };
		5B4535B91EA521B20092F609 /* Assets.xcassets */ = {isa = PBXFileReference; lastKnownFileType = folder.assetcatalog; path = Assets.xcassets; sourceTree = "<group>"; };
		5B4535BC1EA521B20092F609 /* Base */ = {isa = PBXFileReference; lastKnownFileType = file.storyboard; name = Base; path = Base.lproj/LaunchScreen.storyboard; sourceTree = "<group>"; };
		5B4535BE1EA521B20092F609 /* Info.plist */ = {isa = PBXFileReference; lastKnownFileType = text.plist.xml; path = Info.plist; sourceTree = "<group>"; };
		5B4535C31EA521B20092F609 /* TipCalculatorTests.xctest */ = {isa = PBXFileReference; explicitFileType = wrapper.cfbundle; includeInIndex = 0; path = TipCalculatorTests.xctest; sourceTree = BUILT_PRODUCTS_DIR; };
		5B4535C71EA521B20092F609 /* TipCalculatorTests.swift */ = {isa = PBXFileReference; lastKnownFileType = sourcecode.swift; path = TipCalculatorTests.swift; sourceTree = "<group>"; };
		5B4535C91EA521B20092F609 /* Info.plist */ = {isa = PBXFileReference; lastKnownFileType = text.plist.xml; path = Info.plist; sourceTree = "<group>"; };
		5B4535CE1EA521B20092F609 /* TipCalculatorUITests.xctest */ = {isa = PBXFileReference; explicitFileType = wrapper.cfbundle; includeInIndex = 0; path = TipCalculatorUITests.xctest; sourceTree = BUILT_PRODUCTS_DIR; };
		5B4535D21EA521B20092F609 /* TipCalculatorUITests.swift */ = {isa = PBXFileReference; lastKnownFileType = sourcecode.swift; path = TipCalculatorUITests.swift; sourceTree = "<group>"; };
		5B4535D41EA521B20092F609 /* Info.plist */ = {isa = PBXFileReference; lastKnownFileType = text.plist.xml; path = Info.plist; sourceTree = "<group>"; };
/* End PBXFileReference section */

/* Begin PBXFrameworksBuildPhase section */
		5B4535AC1EA521B20092F609 /* Frameworks */ = {
			isa = PBXFrameworksBuildPhase;
			buildActionMask = 2147483647;
			files = (
			);
			runOnlyForDeploymentPostprocessing = 0;
		};
		5B4535C01EA521B20092F609 /* Frameworks */ = {
			isa = PBXFrameworksBuildPhase;
			buildActionMask = 2147483647;
			files = (
			);
			runOnlyForDeploymentPostprocessing = 0;
		};
		5B4535CB1EA521B20092F609 /* Frameworks */ = {
			isa = PBXFrameworksBuildPhase;
			buildActionMask = 2147483647;
			files = (
			);
			runOnlyForDeploymentPostprocessing = 0;
		};
/* End PBXFrameworksBuildPhase section */

/* Begin PBXGroup section */
		5B4535A61EA521B10092F609 = {
			isa = PBXGroup;
			children = (
				5B4535B11EA521B20092F609 /* TipCalculator */,
				5B4535C61EA521B20092F609 /* TipCalculatorTests */,
				5B4535D11EA521B20092F609 /* TipCalculatorUITests */,
				5B4535B01EA521B20092F609 /* Products */,
			);
			sourceTree = "<group>";
		};
		5B4535B01EA521B20092F609 /* Products */ = {
			isa = PBXGroup;
			children = (
				5B4535AF1EA521B20092F609 /* TipCalculator.app */,
				5B4535C31EA521B20092F609 /* TipCalculatorTests.xctest */,
				5B4535CE1EA521B20092F609 /* TipCalculatorUITests.xctest */,
			);
			name = Products;
			sourceTree = "<group>";
		};
		5B4535B11EA521B20092F609 /* TipCalculator */ = {
			isa = PBXGroup;
			children = (
				5B4535B21EA521B20092F609 /* AppDelegate.swift */,
				5B4535B41EA521B20092F609 /* ViewController.swift */,
				5B4535B61EA521B20092F609 /* Main.storyboard */,
				5B4535B91EA521B20092F609 /* Assets.xcassets */,
				5B4535BB1EA521B20092F609 /* LaunchScreen.storyboard */,
				5B4535BE1EA521B20092F609 /* Info.plist */,
			);
			path = TipCalculator;
			sourceTree = "<group>";
		};
		5B4535C61EA521B20092F609 /* TipCalculatorTests */ = {
			isa = PBXGroup;
			children = (
				5B4535C71EA521B20092F609 /* TipCalculatorTests.swift */,
				5B4535C91EA521B20092F609 /* Info.plist */,
			);
			path = TipCalculatorTests;
			sourceTree = "<group>";
		};
		5B4535D11EA521B20092F609 /* TipCalculatorUITests */ = {
			isa = PBXGroup;
			children = (
				5B4535D21EA521B20092F609 /* TipCalculatorUITests.swift */,
				5B4535D41EA521B20092F609 /* Info.plist */,
			);
			path = TipCalculatorUITests;
			sourceTree = "<group>";
		};
/* End PBXGroup section */

/* Begin PBXNativeTarget section */
		5B4535AE1EA521B20092F609 /* TipCalculator */ = {
			isa = PBXNativeTarget;
			buildConfigurationList = 5B4535D71EA521B20092F609 /* Build configuration list for PBXNativeTarget "TipCalculator" */;
			buildPhases = (
				5B4535AB1EA521B20092F609 /* Sources */,
				5B4535AC1EA521B20092F609 /* Frameworks */,
				5B4535AD1EA521B20092F609 /* Resources */,
			);
			buildRules = (
			);
			dependencies = (
			);
			name = TipCalculator;
			productName = TipCalculator;
			productReference = 5B4535AF1EA521B20092F609 /* TipCalculator.app */;
			productType = "com.apple.product-type.application";
		};
		5B4535C21EA521B20092F609 /* TipCalculatorTests */ = {
			isa = PBXNativeTarget;
			buildConfigurationList = 5B4535DA1EA521B20092F609 /* Build configuration list for PBXNativeTarget "TipCalculatorTests" */;
			buildPhases = (
				5B4535BF1EA521B20092F609 /* Sources */,
				5B4535C01EA521B20092F609 /* Frameworks */,
				5B4535C11EA521B20092F609 /* Resources */,
			);
			buildRules = (
			);
			dependencies = (
				5B4535C51EA521B20092F609 /* PBXTargetDependency */,
			);
			name = TipCalculatorTests;
			productName = TipCalculatorTests;
			productReference = 5B4535C31EA521B20092F609 /* TipCalculatorTests.xctest */;
			productType = "com.apple.product-type.bundle.unit-test";
		};
		5B4535CD1EA521B20092F609 /* TipCalculatorUITests */ = {
			isa = PBXNativeTarget;
			buildConfigurationList = 5B4535DD1EA521B20092F609 /* Build configuration list for PBXNativeTarget "TipCalculatorUITests" */;
			buildPhases = (
				5B4535CA1EA521B20092F609 /* Sources */,
				5B4535CB1EA521B20092F609 /* Frameworks */,
				5B4535CC1EA521B20092F609 /* Resources */,
			);
			buildRules = (
			);
			dependencies = (
				5B4535D01EA521B20092F609 /* PBXTargetDependency */,
			);
			name = TipCalculatorUITests;
			productName = TipCalculatorUITests;
			productReference = 5B4535CE1EA521B20092F609 /* TipCalculatorUITests.xctest */;
			productType = "com.apple.product-type.bundle.ui-testing";
		};
/* End PBXNativeTarget section */

/* Begin PBXProject section */
		5B4535A71EA521B10092F609 /* Project object */ = {
			isa = PBXProject;
			attributes = {
				LastSwiftUpdateCheck = 0830;
				LastUpgradeCheck = 0830;
				ORGANIZATIONNAME = "Truong Tran";
				TargetAttributes = {
					5B4535AE1EA521B20092F609 = {
						CreatedOnToolsVersion = 8.3.1;
						DevelopmentTeam = 6X9722GEAR;
						ProvisioningStyle = Automatic;
					};
					5B4535C21EA521B20092F609 = {
						CreatedOnToolsVersion = 8.3.1;
						DevelopmentTeam = 6X9722GEAR;
						ProvisioningStyle = Automatic;
						TestTargetID = 5B4535AE1EA521B20092F609;
					};
					5B4535CD1EA521B20092F609 = {
						CreatedOnToolsVersion = 8.3.1;
						DevelopmentTeam = 6X9722GEAR;
						ProvisioningStyle = Automatic;
						TestTargetID = 5B4535AE1EA521B20092F609;
					};
				};
			};
			buildConfigurationList = 5B4535AA1EA521B10092F609 /* Build configuration list for PBXProject "TipCalculator" */;
			compatibilityVersion = "Xcode 3.2";
			developmentRegion = English;
			hasScannedForEncodings = 0;
			knownRegions = (
				en,
				Base,
			);
			mainGroup = 5B4535A61EA521B10092F609;
			productRefGroup = 5B4535B01EA521B20092F609 /* Products */;
			projectDirPath = "";
			projectRoot = "";
			targets = (
				5B4535AE1EA521B20092F609 /* TipCalculator */,
				5B4535C21EA521B20092F609 /* TipCalculatorTests */,
				5B4535CD1EA521B20092F609 /* TipCalculatorUITests */,
			);
		};
/* End PBXProject section */

/* Begin PBXResourcesBuildPhase section */
		5B4535AD1EA521B20092F609 /* Resources */ = {
			isa = PBXResourcesBuildPhase;
			buildActionMask = 2147483647;
			files = (
				5B4535BD1EA521B20092F609 /* LaunchScreen.storyboard in Resources */,
				5B4535BA1EA521B20092F609 /* Assets.xcassets in Resources */,
				5B4535B81EA521B20092F609 /* Main.storyboard in Resources */,
			);
			runOnlyForDeploymentPostprocessing = 0;
		};
		5B4535C11EA521B20092F609 /* Resources */ = {
			isa = PBXResourcesBuildPhase;
			buildActionMask = 2147483647;
			files = (
			);
			runOnlyForDeploymentPostprocessing = 0;
		};
		5B4535CC1EA521B20092F609 /* Resources */ = {
			isa = PBXResourcesBuildPhase;
			buildActionMask = 2147483647;
			files = (
			);
			runOnlyForDeploymentPostprocessing = 0;
		};
/* End PBXResourcesBuildPhase section */

/* Begin PBXSourcesBuildPhase section */
		5B4535AB1EA521B20092F609 /* Sources */ = {
			isa = PBXSourcesBuildPhase;
			buildActionMask = 2147483647;
			files = (
				5B4535B51EA521B20092F609 /* ViewController.swift in Sources */,
				5B4535B31EA521B20092F609 /* AppDelegate.swift in Sources */,
			);
			runOnlyForDeploymentPostprocessing = 0;
		};
		5B4535BF1EA521B20092F609 /* Sources */ = {
			isa = PBXSourcesBuildPhase;
			buildActionMask = 2147483647;
			files = (
				5B4535C81EA521B20092F609 /* TipCalculatorTests.swift in Sources */,
			);
			runOnlyForDeploymentPostprocessing = 0;
		};
		5B4535CA1EA521B20092F609 /* Sources */ = {
			isa = PBXSourcesBuildPhase;
			buildActionMask = 2147483647;
			files = (
				5B4535D31EA521B20092F609 /* TipCalculatorUITests.swift in Sources */,
			);
			runOnlyForDeploymentPostprocessing = 0;
		};
/* End PBXSourcesBuildPhase section */

/* Begin PBXTargetDependency section */
		5B4535C51EA521B20092F609 /* PBXTargetDependency */ = {
			isa = PBXTargetDependency;
			target = 5B4535AE1EA521B20092F609 /* TipCalculator */;
			targetProxy = 5B4535C41EA521B20092F609 /* PBXContainerItemProxy */;
		};
		5B4535D01EA521B20092F609 /* PBXTargetDependency */ = {
			isa = PBXTargetDependency;
			target = 5B4535AE1EA521B20092F609 /* TipCalculator */;
			targetProxy = 5B4535CF1EA521B20092F609 /* PBXContainerItemProxy */;
		};
/* End PBXTargetDependency section */

/* Begin PBXVariantGroup section */
		5B4535B61EA521B20092F609 /* Main.storyboard */ = {
			isa = PBXVariantGroup;
			children = (
				5B4535B71EA521B20092F609 /* Base */,
			);
			name = Main.storyboard;
			sourceTree = "<group>";
		};
		5B4535BB1EA521B20092F609 /* LaunchScreen.storyboard */ = {
			isa = PBXVariantGroup;
			children = (
				5B4535BC1EA521B20092F609 /* Base */,
			);
			name = LaunchScreen.storyboard;
			sourceTree = "<group>";
		};
/* End PBXVariantGroup section */

/* Begin XCBuildConfiguration section */
		5B4535D51EA521B20092F609 /* Debug */ = {
			isa = XCBuildConfiguration;
			buildSettings = {
				ALWAYS_SEARCH_USER_PATHS = NO;
				CLANG_ANALYZER_NONNULL = YES;
				CLANG_ANALYZER_NUMBER_OBJECT_CONVERSION = YES_AGGRESSIVE;
				CLANG_CXX_LANGUAGE_STANDARD = "gnu++0x";
				CLANG_CXX_LIBRARY = "libc++";
				CLANG_ENABLE_MODULES = YES;
				CLANG_ENABLE_OBJC_ARC = YES;
				CLANG_WARN_BOOL_CONVERSION = YES;
				CLANG_WARN_CONSTANT_CONVERSION = YES;
				CLANG_WARN_DIRECT_OBJC_ISA_USAGE = YES_ERROR;
				CLANG_WARN_DOCUMENTATION_COMMENTS = YES;
				CLANG_WARN_EMPTY_BODY = YES;
				CLANG_WARN_ENUM_CONVERSION = YES;
				CLANG_WARN_INFINITE_RECURSION = YES;
				CLANG_WARN_INT_CONVERSION = YES;
				CLANG_WARN_OBJC_ROOT_CLASS = YES_ERROR;
				CLANG_WARN_SUSPICIOUS_MOVE = YES;
				CLANG_WARN_UNREACHABLE_CODE = YES;
				CLANG_WARN__DUPLICATE_METHOD_MATCH = YES;
				"CODE_SIGN_IDENTITY[sdk=iphoneos*]" = "iPhone Developer";
				COPY_PHASE_STRIP = NO;
				DEBUG_INFORMATION_FORMAT = dwarf;
				ENABLE_STRICT_OBJC_MSGSEND = YES;
				ENABLE_TESTABILITY = YES;
				GCC_C_LANGUAGE_STANDARD = gnu99;
				GCC_DYNAMIC_NO_PIC = NO;
				GCC_NO_COMMON_BLOCKS = YES;
				GCC_OPTIMIZATION_LEVEL = 0;
				GCC_PREPROCESSOR_DEFINITIONS = (
					"DEBUG=1",
					"$(inherited)",
				);
				GCC_WARN_64_TO_32_BIT_CONVERSION = YES;
				GCC_WARN_ABOUT_RETURN_TYPE = YES_ERROR;
				GCC_WARN_UNDECLARED_SELECTOR = YES;
				GCC_WARN_UNINITIALIZED_AUTOS = YES_AGGRESSIVE;
				GCC_WARN_UNUSED_FUNCTION = YES;
				GCC_WARN_UNUSED_VARIABLE = YES;
				IPHONEOS_DEPLOYMENT_TARGET = 10.3;
				MTL_ENABLE_DEBUG_INFO = YES;
				ONLY_ACTIVE_ARCH = YES;
				SDKROOT = iphoneos;
				SWIFT_ACTIVE_COMPILATION_CONDITIONS = DEBUG;
				SWIFT_OPTIMIZATION_LEVEL = "-Onone";
				TARGETED_DEVICE_FAMILY = "1,2";
			};
			name = Debug;
		};
		5B4535D61EA521B20092F609 /* Release */ = {
			isa = XCBuildConfiguration;
			buildSettings = {
				ALWAYS_SEARCH_USER_PATHS = NO;
				CLANG_ANALYZER_NONNULL = YES;
				CLANG_ANALYZER_NUMBER_OBJECT_CONVERSION = YES_AGGRESSIVE;
				CLANG_CXX_LANGUAGE_STANDARD = "gnu++0x";
				CLANG_CXX_LIBRARY = "libc++";
				CLANG_ENABLE_MODULES = YES;
				CLANG_ENABLE_OBJC_ARC = YES;
				CLANG_WARN_BOOL_CONVERSION = YES;
				CLANG_WARN_CONSTANT_CONVERSION = YES;
				CLANG_WARN_DIRECT_OBJC_ISA_USAGE = YES_ERROR;
				CLANG_WARN_DOCUMENTATION_COMMENTS = YES;
				CLANG_WARN_EMPTY_BODY = YES;
				CLANG_WARN_ENUM_CONVERSION = YES;
				CLANG_WARN_INFINITE_RECURSION = YES;
				CLANG_WARN_INT_CONVERSION = YES;
				CLANG_WARN_OBJC_ROOT_CLASS = YES_ERROR;
				CLANG_WARN_SUSPICIOUS_MOVE = YES;
				CLANG_WARN_UNREACHABLE_CODE = YES;
				CLANG_WARN__DUPLICATE_METHOD_MATCH = YES;
				"CODE_SIGN_IDENTITY[sdk=iphoneos*]" = "iPhone Developer";
				COPY_PHASE_STRIP = NO;
				DEBUG_INFORMATION_FORMAT = "dwarf-with-dsym";
				ENABLE_NS_ASSERTIONS = NO;
				ENABLE_STRICT_OBJC_MSGSEND = YES;
				GCC_C_LANGUAGE_STANDARD = gnu99;
				GCC_NO_COMMON_BLOCKS = YES;
				GCC_WARN_64_TO_32_BIT_CONVERSION = YES;
				GCC_WARN_ABOUT_RETURN_TYPE = YES_ERROR;
				GCC_WARN_UNDECLARED_SELECTOR = YES;
				GCC_WARN_UNINITIALIZED_AUTOS = YES_AGGRESSIVE;
				GCC_WARN_UNUSED_FUNCTION = YES;
				GCC_WARN_UNUSED_VARIABLE = YES;
				IPHONEOS_DEPLOYMENT_TARGET = 10.3;
				MTL_ENABLE_DEBUG_INFO = NO;
				SDKROOT = iphoneos;
				SWIFT_OPTIMIZATION_LEVEL = "-Owholemodule";
				TARGETED_DEVICE_FAMILY = "1,2";
				VALIDATE_PRODUCT = YES;
			};
			name = Release;
		};
		5B4535D81EA521B20092F609 /* Debug */ = {
			isa = XCBuildConfiguration;
			buildSettings = {
				ASSETCATALOG_COMPILER_APPICON_NAME = AppIcon;
				DEVELOPMENT_TEAM = 6X9722GEAR;
				INFOPLIST_FILE = TipCalculator/Info.plist;
				LD_RUNPATH_SEARCH_PATHS = "$(inherited) @executable_path/Frameworks";
				PRODUCT_BUNDLE_IDENTIFIER = com.giaitriviet.TipCalculator;
				PRODUCT_NAME = "$(TARGET_NAME)";
				SWIFT_VERSION = 3.0;
			};
			name = Debug;
		};
		5B4535D91EA521B20092F609 /* Release */ = {
			isa = XCBuildConfiguration;
			buildSettings = {
				ASSETCATALOG_COMPILER_APPICON_NAME = AppIcon;
				DEVELOPMENT_TEAM = 6X9722GEAR;
				INFOPLIST_FILE = TipCalculator/Info.plist;
				LD_RUNPATH_SEARCH_PATHS = "$(inherited) @executable_path/Frameworks";
				PRODUCT_BUNDLE_IDENTIFIER = com.giaitriviet.TipCalculator;
				PRODUCT_NAME = "$(TARGET_NAME)";
				SWIFT_VERSION = 3.0;
			};
			name = Release;
		};
		5B4535DB1EA521B20092F609 /* Debug */ = {
			isa = XCBuildConfiguration;
			buildSettings = {
				ALWAYS_EMBED_SWIFT_STANDARD_LIBRARIES = YES;
				BUNDLE_LOADER = "$(TEST_HOST)";
				DEVELOPMENT_TEAM = 6X9722GEAR;
				INFOPLIST_FILE = TipCalculatorTests/Info.plist;
				LD_RUNPATH_SEARCH_PATHS = "$(inherited) @executable_path/Frameworks @loader_path/Frameworks";
				PRODUCT_BUNDLE_IDENTIFIER = com.giaitriviet.TipCalculatorTests;
				PRODUCT_NAME = "$(TARGET_NAME)";
				SWIFT_VERSION = 3.0;
				TEST_HOST = "$(BUILT_PRODUCTS_DIR)/TipCalculator.app/TipCalculator";
			};
			name = Debug;
		};
		5B4535DC1EA521B20092F609 /* Release */ = {
			isa = XCBuildConfiguration;
			buildSettings = {
				ALWAYS_EMBED_SWIFT_STANDARD_LIBRARIES = YES;
				BUNDLE_LOADER = "$(TEST_HOST)";
				DEVELOPMENT_TEAM = 6X9722GEAR;
				INFOPLIST_FILE = TipCalculatorTests/Info.plist;
				LD_RUNPATH_SEARCH_PATHS = "$(inherited) @executable_path/Frameworks @loader_path/Frameworks";
				PRODUCT_BUNDLE_IDENTIFIER = com.giaitriviet.TipCalculatorTests;
				PRODUCT_NAME = "$(TARGET_NAME)";
				SWIFT_VERSION = 3.0;
				TEST_HOST = "$(BUILT_PRODUCTS_DIR)/TipCalculator.app/TipCalculator";
			};
			name = Release;
		};
		5B4535DE1EA521B20092F609 /* Debug */ = {
			isa = XCBuildConfiguration;
			buildSettings = {
				ALWAYS_EMBED_SWIFT_STANDARD_LIBRARIES = YES;
				DEVELOPMENT_TEAM = 6X9722GEAR;
				INFOPLIST_FILE = TipCalculatorUITests/Info.plist;
				LD_RUNPATH_SEARCH_PATHS = "$(inherited) @executable_path/Frameworks @loader_path/Frameworks";
				PRODUCT_BUNDLE_IDENTIFIER = com.giaitriviet.TipCalculatorUITests;
				PRODUCT_NAME = "$(TARGET_NAME)";
				SWIFT_VERSION = 3.0;
				TEST_TARGET_NAME = TipCalculator;
			};
			name = Debug;
		};
		5B4535DF1EA521B20092F609 /* Release */ = {
			isa = XCBuildConfiguration;
			buildSettings = {
				ALWAYS_EMBED_SWIFT_STANDARD_LIBRARIES = YES;
				DEVELOPMENT_TEAM = 6X9722GEAR;
				INFOPLIST_FILE = TipCalculatorUITests/Info.plist;
				LD_RUNPATH_SEARCH_PATHS = "$(inherited) @executable_path/Frameworks @loader_path/Frameworks";
				PRODUCT_BUNDLE_IDENTIFIER = com.giaitriviet.TipCalculatorUITests;
				PRODUCT_NAME = "$(TARGET_NAME)";
				SWIFT_VERSION = 3.0;
				TEST_TARGET_NAME = TipCalculator;
			};
			name = Release;
		};
/* End XCBuildConfiguration section */

/* Begin XCConfigurationList section */
		5B4535AA1EA521B10092F609 /* Build configuration list for PBXProject "TipCalculator" */ = {
			isa = XCConfigurationList;
			buildConfigurations = (
				5B4535D51EA521B20092F609 /* Debug */,
				5B4535D61EA521B20092F609 /* Release */,
			);
			defaultConfigurationIsVisible = 0;
			defaultConfigurationName = Release;
		};
		5B4535D71EA521B20092F609 /* Build configuration list for PBXNativeTarget "TipCalculator" */ = {
			isa = XCConfigurationList;
			buildConfigurations = (
				5B4535D81EA521B20092F609 /* Debug */,
				5B4535D91EA521B20092F609 /* Release */,
			);
			defaultConfigurationIsVisible = 0;
		};
		5B4535DA1EA521B20092F609 /* Build configuration list for PBXNativeTarget "TipCalculatorTests" */ = {
			isa = XCConfigurationList;
			buildConfigurations = (
				5B4535DB1EA521B20092F609 /* Debug */,
				5B4535DC1EA521B20092F609 /* Release */,
			);
			defaultConfigurationIsVisible = 0;
		};
		5B4535DD1EA521B20092F609 /* Build configuration list for PBXNativeTarget "TipCalculatorUITests" */ = {
			isa = XCConfigurationList;
			buildConfigurations = (
				5B4535DE1EA521B20092F609 /* Debug */,
				5B4535DF1EA521B20092F609 /* Release */,
			);
			defaultConfigurationIsVisible = 0;
		};
/* End XCConfigurationList section */
	};
	rootObject = 5B4535A71EA521B10092F609 /* Project object */;
}
